
Microsoft Visual Studio Solution File, Format Version 12.00
# Visual Studio Version 17
VisualStudioVersion = 17.8.34330.188
MinimumVisualStudioVersion = 10.0.40219.1
Project("{FAE04EC0-301F-11D3-BF4B-00C04F79EFBC}") = "BankApplication", "BankApplication\BankApplication.csproj", "{EAA3EA12-0857-49E6-B784-39F11BABB9B5}"
EndProject
Project("{9A19103F-16F7-4668-BE54-9A1E7A4F7556}") = "EverydayAccountTests", "EverydayAccountTests\EverydayAccountTests.csproj", "{AE3D485F-C8D5-488A-A046-B72EAF779D85}"
EndProject
Project("{FAE04EC0-301F-11D3-BF4B-00C04F79EFBC}") = "InvestmentAccountTests", "InvestmentAccountTests\InvestmentAccountTests.csproj", "{46F72229-446E-44CF-B283-6AFD180C4057}"
EndProject
Project("{FAE04EC0-301F-11D3-BF4B-00C04F79EFBC}") = "OmniAccountTests", "OmniAccountTests\OmniAccountTests.csproj", "{5AA0FA88-0586-4E5F-9228-6E6E0DF47E21}"
EndProject
Global
	GlobalSection(SolutionConfigurationPlatforms) = preSolution
		Debug|Any CPU = Debug|Any CPU
		Release|Any CPU = Release|Any CPU
	EndGlobalSection
	GlobalSection(ProjectConfigurationPlatforms) = postSolution
		{EAA3EA12-0857-49E6-B784-39F11BABB9B5}.Debug|Any CPU.ActiveCfg = Debug|Any CPU
		{EAA3EA12-0857-49E6-B784-39F11BABB9B5}.Debug|Any CPU.Build.0 = Debug|Any CPU
		{EAA3EA12-0857-49E6-B784-39F11BABB9B5}.Release|Any CPU.ActiveCfg = Release|Any CPU
		{EAA3EA12-0857-49E6-B784-39F11BABB9B5}.Release|Any CPU.Build.0 = Release|Any CPU
		{AE3D485F-C8D5-488A-A046-B72EAF779D85}.Debug|Any CPU.ActiveCfg = Debug|Any CPU
		{AE3D485F-C8D5-488A-A046-B72EAF779D85}.Debug|Any CPU.Build.0 = Debug|Any CPU
		{AE3D485F-C8D5-488A-A046-B72EAF779D85}.Release|Any CPU.ActiveCfg = Release|Any CPU
		{AE3D485F-C8D5-488A-A046-B72EAF779D85}.Release|Any CPU.Build.0 = Release|Any CPU
		{46F72229-446E-44CF-B283-6AFD180C4057}.Debug|Any CPU.ActiveCfg = Debug|Any CPU
		{46F72229-446E-44CF-B283-6AFD180C4057}.Debug|Any CPU.Build.0 = Debug|Any CPU
		{46F72229-446E-44CF-B283-6AFD180C4057}.Release|Any CPU.ActiveCfg = Release|Any CPU
		{46F72229-446E-44CF-B283-6AFD180C4057}.Release|Any CPU.Build.0 = Release|Any CPU
		{5AA0FA88-0586-4E5F-9228-6E6E0DF47E21}.Debug|Any CPU.ActiveCfg = Debug|Any CPU
		{5AA0FA88-0586-4E5F-9228-6E6E0DF47E21}.Debug|Any CPU.Build.0 = Debug|Any CPU
		{5AA0FA88-0586-4E5F-9228-6E6E0DF47E21}.Release|Any CPU.ActiveCfg = Release|Any CPU
		{5AA0FA88-0586-4E5F-9228-6E6E0DF47E21}.Release|Any CPU.Build.0 = Release|Any CPU
	EndGlobalSection
	GlobalSection(SolutionProperties) = preSolution
		HideSolutionNode = FALSE
	EndGlobalSection
	GlobalSection(ExtensibilityGlobals) = postSolution
		SolutionGuid = {DA1EC4C1-4376-4303-9516-7A3C7407F18A}
	EndGlobalSection
EndGlobal
